// !$*UTF8*$!
{
	archiveVersion = 1;
	classes = {
	};
	objectVersion = 56;
	objects = {

/* Begin PBXBuildFile section */
		AE299FF02A5FA3A500E62E0C /* AppDelegate.swift in Sources */ = {isa = PBXBuildFile; fileRef = AE299FEF2A5FA3A500E62E0C /* AppDelegate.swift */; };
		AE299FF22A5FA3A500E62E0C /* ViewController.swift in Sources */ = {isa = PBXBuildFile; fileRef = AE299FF12A5FA3A500E62E0C /* ViewController.swift */; };
		AE299FF52A5FA3A500E62E0C /* Main.storyboard in Resources */ = {isa = PBXBuildFile; fileRef = AE299FF32A5FA3A500E62E0C /* Main.storyboard */; };
		AE299FF72A5FA3A600E62E0C /* Assets.xcassets in Resources */ = {isa = PBXBuildFile; fileRef = AE299FF62A5FA3A600E62E0C /* Assets.xcassets */; };
		AE299FFA2A5FA3A600E62E0C /* LaunchScreen.storyboard in Resources */ = {isa = PBXBuildFile; fileRef = AE299FF82A5FA3A600E62E0C /* LaunchScreen.storyboard */; };
		AE29A0032A5FCDAB00E62E0C /* toy_car.usdz in Resources */ = {isa = PBXBuildFile; fileRef = AE29A0022A5FCDAB00E62E0C /* toy_car.usdz */; };
		AE29A0052A5FD57500E62E0C /* green_rhino.usdz in Resources */ = {isa = PBXBuildFile; fileRef = AE29A0042A5FD57500E62E0C /* green_rhino.usdz */; };
		AE29A0442A612F2600E62E0C /* Scene2.usdz in Resources */ = {isa = PBXBuildFile; fileRef = AE29A0432A612F2600E62E0C /* Scene2.usdz */; };
/* End PBXBuildFile section */

/* Begin PBXFileReference section */
		AE299FEC2A5FA3A500E62E0C /* AR_01.app */ = {isa = PBXFileReference; explicitFileType = wrapper.application; includeInIndex = 0; path = AR_01.app; sourceTree = BUILT_PRODUCTS_DIR; };
		AE299FEF2A5FA3A500E62E0C /* AppDelegate.swift */ = {isa = PBXFileReference; lastKnownFileType = sourcecode.swift; path = AppDelegate.swift; sourceTree = "<group>"; };
		AE299FF12A5FA3A500E62E0C /* ViewController.swift */ = {isa = PBXFileReference; lastKnownFileType = sourcecode.swift; path = ViewController.swift; sourceTree = "<group>"; };
		AE299FF42A5FA3A500E62E0C /* Base */ = {isa = PBXFileReference; lastKnownFileType = file.storyboard; name = Base; path = Base.lproj/Main.storyboard; sourceTree = "<group>"; };
		AE299FF62A5FA3A600E62E0C /* Assets.xcassets */ = {isa = PBXFileReference; lastKnownFileType = folder.assetcatalog; path = Assets.xcassets; sourceTree = "<group>"; };
		AE299FF92A5FA3A600E62E0C /* Base */ = {isa = PBXFileReference; lastKnownFileType = file.storyboard; name = Base; path = Base.lproj/LaunchScreen.storyboard; sourceTree = "<group>"; };
		AE29A0022A5FCDAB00E62E0C /* toy_car.usdz */ = {isa = PBXFileReference; lastKnownFileType = file.usdz; path = toy_car.usdz; sourceTree = "<group>"; };
		AE29A0042A5FD57500E62E0C /* green_rhino.usdz */ = {isa = PBXFileReference; lastKnownFileType = file.usdz; path = green_rhino.usdz; sourceTree = "<group>"; };
		AE29A0432A612F2600E62E0C /* Scene2.usdz */ = {isa = PBXFileReference; lastKnownFileType = file.usdz; path = Scene2.usdz; sourceTree = "<group>"; };
/* End PBXFileReference section */

/* Begin PBXFrameworksBuildPhase section */
		AE299FE92A5FA3A500E62E0C /* Frameworks */ = {
			isa = PBXFrameworksBuildPhase;
			buildActionMask = 2147483647;
			files = (
			);
			runOnlyForDeploymentPostprocessing = 0;
		};
/* End PBXFrameworksBuildPhase section */

/* Begin PBXGroup section */
		AE299FE32A5FA3A500E62E0C = {
			isa = PBXGroup;
			children = (
				AE299FEE2A5FA3A500E62E0C /* AR_01 */,
				AE299FED2A5FA3A500E62E0C /* Products */,
			);
			sourceTree = "<group>";
		};
		AE299FED2A5FA3A500E62E0C /* Products */ = {
			isa = PBXGroup;
			children = (
				AE299FEC2A5FA3A500E62E0C /* AR_01.app */,
			);
			name = Products;
			sourceTree = "<group>";
		};
		AE299FEE2A5FA3A500E62E0C /* AR_01 */ = {
			isa = PBXGroup;
			children = (
				AE29A0042A5FD57500E62E0C /* green_rhino.usdz */,
				AE29A0432A612F2600E62E0C /* Scene2.usdz */,
				AE29A0022A5FCDAB00E62E0C /* toy_car.usdz */,
				AE299FEF2A5FA3A500E62E0C /* AppDelegate.swift */,
				AE299FF12A5FA3A500E62E0C /* ViewController.swift */,
				AE299FF32A5FA3A500E62E0C /* Main.storyboard */,
				AE299FF62A5FA3A600E62E0C /* Assets.xcassets */,
				AE299FF82A5FA3A600E62E0C /* LaunchScreen.storyboard */,
			);
			path = AR_01;
			sourceTree = "<group>";
		};
/* End PBXGroup section */

/* Begin PBXNativeTarget section */
		AE299FEB2A5FA3A500E62E0C /* AR_01 */ = {
			isa = PBXNativeTarget;
			buildConfigurationList = AE299FFD2A5FA3A600E62E0C /* Build configuration list for PBXNativeTarget "AR_01" */;
			buildPhases = (
				AE299FE82A5FA3A500E62E0C /* Sources */,
				AE299FE92A5FA3A500E62E0C /* Frameworks */,
				AE299FEA2A5FA3A500E62E0C /* Resources */,
			);
			buildRules = (
			);
			dependencies = (
			);
			name = AR_01;
			productName = AR_01;
			productReference = AE299FEC2A5FA3A500E62E0C /* AR_01.app */;
			productType = "com.apple.product-type.application";
		};
/* End PBXNativeTarget section */

/* Begin PBXProject section */
		AE299FE42A5FA3A500E62E0C /* Project object */ = {
			isa = PBXProject;
			attributes = {
				BuildIndependentTargetsInParallel = 1;
				LastSwiftUpdateCheck = 1500;
				LastUpgradeCheck = 1500;
				TargetAttributes = {
					AE299FEB2A5FA3A500E62E0C = {
						CreatedOnToolsVersion = 15.0;
					};
				};
			};
			buildConfigurationList = AE299FE72A5FA3A500E62E0C /* Build configuration list for PBXProject "AR_01" */;
			compatibilityVersion = "Xcode 14.0";
			developmentRegion = en;
			hasScannedForEncodings = 0;
			knownRegions = (
				en,
				Base,
			);
			mainGroup = AE299FE32A5FA3A500E62E0C;
			productRefGroup = AE299FED2A5FA3A500E62E0C /* Products */;
			projectDirPath = "";
			projectRoot = "";
			targets = (
				AE299FEB2A5FA3A500E62E0C /* AR_01 */,
			);
		};
/* End PBXProject section */

/* Begin PBXResourcesBuildPhase section */
		AE299FEA2A5FA3A500E62E0C /* Resources */ = {
			isa = PBXResourcesBuildPhase;
			buildActionMask = 2147483647;
			files = (
				AE299FFA2A5FA3A600E62E0C /* LaunchScreen.storyboard in Resources */,
				AE29A0032A5FCDAB00E62E0C /* toy_car.usdz in Resources */,
				AE29A0052A5FD57500E62E0C /* green_rhino.usdz in Resources */,
				AE299FF72A5FA3A600E62E0C /* Assets.xcassets in Resources */,
				AE299FF52A5FA3A500E62E0C /* Main.storyboard in Resources */,
				AE29A0442A612F2600E62E0C /* Scene2.usdz in Resources */,
			);
			runOnlyForDeploymentPostprocessing = 0;
		};
/* End PBXResourcesBuildPhase section */

/* Begin PBXSourcesBuildPhase section */
		AE299FE82A5FA3A500E62E0C /* Sources */ = {
			isa = PBXSourcesBuildPhase;
			buildActionMask = 2147483647;
			files = (
				AE299FF22A5FA3A500E62E0C /* ViewController.swift in Sources */,
				AE299FF02A5FA3A500E62E0C /* AppDelegate.swift in Sources */,
			);
			runOnlyForDeploymentPostprocessing = 0;
		};
/* End PBXSourcesBuildPhase section */

/* Begin PBXVariantGroup section */
		AE299FF32A5FA3A500E62E0C /* Main.storyboard */ = {
			isa = PBXVariantGroup;
			children = (
				AE299FF42A5FA3A500E62E0C /* Base */,
			);
			name = Main.storyboard;
			sourceTree = "<group>";
		};
		AE299FF82A5FA3A600E62E0C /* LaunchScreen.storyboard */ = {
			isa = PBXVariantGroup;
			children = (
				AE299FF92A5FA3A600E62E0C /* Base */,
			);
			name = LaunchScreen.storyboard;
			sourceTree = "<group>";
		};
/* End PBXVariantGroup section */

/* Begin XCBuildConfiguration section */
		AE299FFB2A5FA3A600E62E0C /* Debug */ = {
			isa = XCBuildConfiguration;
			buildSettings = {
				ALWAYS_SEARCH_USER_PATHS = NO;
				ASSETCATALOG_COMPILER_GENERATE_SWIFT_ASSET_SYMBOL_EXTENSIONS = YES;
				CLANG_ANALYZER_NONNULL = YES;
				CLANG_ANALYZER_NUMBER_OBJECT_CONVERSION = YES_AGGRESSIVE;
				CLANG_CXX_LANGUAGE_STANDARD = "gnu++20";
				CLANG_ENABLE_MODULES = YES;
				CLANG_ENABLE_OBJC_ARC = YES;
				CLANG_ENABLE_OBJC_WEAK = YES;
				CLANG_WARN_BLOCK_CAPTURE_AUTORELEASING = YES;
				CLANG_WARN_BOOL_CONVERSION = YES;
				CLANG_WARN_COMMA = YES;
				CLANG_WARN_CONSTANT_CONVERSION = YES;
				CLANG_WARN_DEPRECATED_OBJC_IMPLEMENTATIONS = YES;
				CLANG_WARN_DIRECT_OBJC_ISA_USAGE = YES_ERROR;
				CLANG_WARN_DOCUMENTATION_COMMENTS = YES;
				CLANG_WARN_EMPTY_BODY = YES;
				CLANG_WARN_ENUM_CONVERSION = YES;
				CLANG_WARN_INFINITE_RECURSION = YES;
				CLANG_WARN_INT_CONVERSION = YES;
				CLANG_WARN_NON_LITERAL_NULL_CONVERSION = YES;
				CLANG_WARN_OBJC_IMPLICIT_RETAIN_SELF = YES;
				CLANG_WARN_OBJC_LITERAL_CONVERSION = YES;
				CLANG_WARN_OBJC_ROOT_CLASS = YES_ERROR;
				CLANG_WARN_QUOTED_INCLUDE_IN_FRAMEWORK_HEADER = YES;
				CLANG_WARN_RANGE_LOOP_ANALYSIS = YES;
				CLANG_WARN_STRICT_PROTOTYPES = YES;
				CLANG_WARN_SUSPICIOUS_MOVE = YES;
				CLANG_WARN_UNGUARDED_AVAILABILITY = YES_AGGRESSIVE;
				CLANG_WARN_UNREACHABLE_CODE = YES;
				CLANG_WARN__DUPLICATE_METHOD_MATCH = YES;
				COPY_PHASE_STRIP = NO;
				DEBUG_INFORMATION_FORMAT = dwarf;
				ENABLE_STRICT_OBJC_MSGSEND = YES;
				ENABLE_TESTABILITY = YES;
				ENABLE_USER_SCRIPT_SANDBOXING = YES;
				GCC_C_LANGUAGE_STANDARD = gnu17;
				GCC_DYNAMIC_NO_PIC = NO;
				GCC_NO_COMMON_BLOCKS = YES;
				GCC_OPTIMIZATION_LEVEL = 0;
				GCC_PREPROCESSOR_DEFINITIONS = (
					"DEBUG=1",
					"$(inherited)",
				);
				GCC_WARN_64_TO_32_BIT_CONVERSION = YES;
				GCC_WARN_ABOUT_RETURN_TYPE = YES_ERROR;
				GCC_WARN_UNDECLARED_SELECTOR = YES;
				GCC_WARN_UNINITIALIZED_AUTOS = YES_AGGRESSIVE;
				GCC_WARN_UNUSED_FUNCTION = YES;
				GCC_WARN_UNUSED_VARIABLE = YES;
				IPHONEOS_DEPLOYMENT_TARGET = 17.0;
				LOCALIZATION_PREFERS_STRING_CATALOGS = YES;
				MTL_ENABLE_DEBUG_INFO = INCLUDE_SOURCE;
				MTL_FAST_MATH = YES;
				ONLY_ACTIVE_ARCH = YES;
				SDKROOT = iphoneos;
				SWIFT_ACTIVE_COMPILATION_CONDITIONS = "DEBUG $(inherited)";
				SWIFT_OPTIMIZATION_LEVEL = "-Onone";
			};
			name = Debug;
		};
		AE299FFC2A5FA3A600E62E0C /* Release */ = {
			isa = XCBuildConfiguration;
			buildSettings = {
				ALWAYS_SEARCH_USER_PATHS = NO;
				ASSETCATALOG_COMPILER_GENERATE_SWIFT_ASSET_SYMBOL_EXTENSIONS = YES;
				CLANG_ANALYZER_NONNULL = YES;
				CLANG_ANALYZER_NUMBER_OBJECT_CONVERSION = YES_AGGRESSIVE;
				CLANG_CXX_LANGUAGE_STANDARD = "gnu++20";
				CLANG_ENABLE_MODULES = YES;
				CLANG_ENABLE_OBJC_ARC = YES;
				CLANG_ENABLE_OBJC_WEAK = YES;
				CLANG_WARN_BLOCK_CAPTURE_AUTORELEASING = YES;
				CLANG_WARN_BOOL_CONVERSION = YES;
				CLANG_WARN_COMMA = YES;
				CLANG_WARN_CONSTANT_CONVERSION = YES;
				CLANG_WARN_DEPRECATED_OBJC_IMPLEMENTATIONS = YES;
				CLANG_WARN_DIRECT_OBJC_ISA_USAGE = YES_ERROR;
				CLANG_WARN_DOCUMENTATION_COMMENTS = YES;
				CLANG_WARN_EMPTY_BODY = YES;
				CLANG_WARN_ENUM_CONVERSION = YES;
				CLANG_WARN_INFINITE_RECURSION = YES;
				CLANG_WARN_INT_CONVERSION = YES;
				CLANG_WARN_NON_LITERAL_NULL_CONVERSION = YES;
				CLANG_WARN_OBJC_IMPLICIT_RETAIN_SELF = YES;
				CLANG_WARN_OBJC_LITERAL_CONVERSION = YES;
				CLANG_WARN_OBJC_ROOT_CLASS = YES_ERROR;
				CLANG_WARN_QUOTED_INCLUDE_IN_FRAMEWORK_HEADER = YES;
				CLANG_WARN_RANGE_LOOP_ANALYSIS = YES;
				CLANG_WARN_STRICT_PROTOTYPES = YES;
				CLANG_WARN_SUSPICIOUS_MOVE = YES;
				CLANG_WARN_UNGUARDED_AVAILABILITY = YES_AGGRESSIVE;
				CLANG_WARN_UNREACHABLE_CODE = YES;
				CLANG_WARN__DUPLICATE_METHOD_MATCH = YES;
				COPY_PHASE_STRIP = NO;
				DEBUG_INFORMATION_FORMAT = "dwarf-with-dsym";
				ENABLE_NS_ASSERTIONS = NO;
				ENABLE_STRICT_OBJC_MSGSEND = YES;
				ENABLE_USER_SCRIPT_SANDBOXING = YES;
				GCC_C_LANGUAGE_STANDARD = gnu17;
				GCC_NO_COMMON_BLOCKS = YES;
				GCC_WARN_64_TO_32_BIT_CONVERSION = YES;
				GCC_WARN_ABOUT_RETURN_TYPE = YES_ERROR;
				GCC_WARN_UNDECLARED_SELECTOR = YES;
				GCC_WARN_UNINITIALIZED_AUTOS = YES_AGGRESSIVE;
				GCC_WARN_UNUSED_FUNCTION = YES;
				GCC_WARN_UNUSED_VARIABLE = YES;
				IPHONEOS_DEPLOYMENT_TARGET = 17.0;
				LOCALIZATION_PREFERS_STRING_CATALOGS = YES;
				MTL_ENABLE_DEBUG_INFO = NO;
				MTL_FAST_MATH = YES;
				SDKROOT = iphoneos;
				SWIFT_COMPILATION_MODE = wholemodule;
				VALIDATE_PRODUCT = YES;
			};
			name = Release;
		};
		AE299FFE2A5FA3A600E62E0C /* Debug */ = {
			isa = XCBuildConfiguration;
			buildSettings = {
				ASSETCATALOG_COMPILER_APPICON_NAME = AppIcon;
				ASSETCATALOG_COMPILER_GLOBAL_ACCENT_COLOR_NAME = AccentColor;
				CODE_SIGN_STYLE = Automatic;
				CURRENT_PROJECT_VERSION = 1;
				DEVELOPMENT_TEAM = 27977R6VY3;
				GENERATE_INFOPLIST_FILE = YES;
				INFOPLIST_KEY_NSCameraUsageDescription = "";
				INFOPLIST_KEY_UIApplicationSupportsIndirectInputEvents = YES;
				INFOPLIST_KEY_UILaunchStoryboardName = LaunchScreen;
				INFOPLIST_KEY_UIMainStoryboardFile = Main;
				INFOPLIST_KEY_UIRequiredDeviceCapabilities = arkit;
				INFOPLIST_KEY_UIStatusBarHidden = YES;
				INFOPLIST_KEY_UISupportedInterfaceOrientations_iPad = "UIInterfaceOrientationPortrait UIInterfaceOrientationPortraitUpsideDown UIInterfaceOrientationLandscapeLeft UIInterfaceOrientationLandscapeRight";
				INFOPLIST_KEY_UISupportedInterfaceOrientations_iPhone = "UIInterfaceOrientationPortrait UIInterfaceOrientationLandscapeLeft UIInterfaceOrientationLandscapeRight";
				IPHONEOS_DEPLOYMENT_TARGET = 16.0;
				LD_RUNPATH_SEARCH_PATHS = (
					"$(inherited)",
					"@executable_path/Frameworks",
				);
				MARKETING_VERSION = 1.0;
				PRODUCT_BUNDLE_IDENTIFIER = "com.pep.test-ar-01.AR-01";
				PRODUCT_NAME = "$(TARGET_NAME)";
				SWIFT_EMIT_LOC_STRINGS = YES;
				SWIFT_VERSION = 5.0;
				TARGETED_DEVICE_FAMILY = "1,2";
			};
			name = Debug;
		};
		AE299FFF2A5FA3A600E62E0C /* Release */ = {
			isa = XCBuildConfiguration;
			buildSettings = {
				ASSETCATALOG_COMPILER_APPICON_NAME = AppIcon;
				ASSETCATALOG_COMPILER_GLOBAL_ACCENT_COLOR_NAME = AccentColor;
				CODE_SIGN_STYLE = Automatic;
				CURRENT_PROJECT_VERSION = 1;
				DEVELOPMENT_TEAM = 27977R6VY3;
				GENERATE_INFOPLIST_FILE = YES;
				INFOPLIST_KEY_NSCameraUsageDescription = "";
				INFOPLIST_KEY_UIApplicationSupportsIndirectInputEvents = YES;
				INFOPLIST_KEY_UILaunchStoryboardName = LaunchScreen;
				INFOPLIST_KEY_UIMainStoryboardFile = Main;
				INFOPLIST_KEY_UIRequiredDeviceCapabilities = arkit;
				INFOPLIST_KEY_UIStatusBarHidden = YES;
				INFOPLIST_KEY_UISupportedInterfaceOrientations_iPad = "UIInterfaceOrientationPortrait UIInterfaceOrientationPortraitUpsideDown UIInterfaceOrientationLandscapeLeft UIInterfaceOrientationLandscapeRight";
				INFOPLIST_KEY_UISupportedInterfaceOrientations_iPhone = "UIInterfaceOrientationPortrait UIInterfaceOrientationLandscapeLeft UIInterfaceOrientationLandscapeRight";
				IPHONEOS_DEPLOYMENT_TARGET = 16.0;
				LD_RUNPATH_SEARCH_PATHS = (
					"$(inherited)",
					"@executable_path/Frameworks",
				);
				MARKETING_VERSION = 1.0;
				PRODUCT_BUNDLE_IDENTIFIER = "com.pep.test-ar-01.AR-01";
				PRODUCT_NAME = "$(TARGET_NAME)";
				SWIFT_EMIT_LOC_STRINGS = YES;
				SWIFT_VERSION = 5.0;
				TARGETED_DEVICE_FAMILY = "1,2";
			};
			name = Release;
		};
/* End XCBuildConfiguration section */

/* Begin XCConfigurationList section */
		AE299FE72A5FA3A500E62E0C /* Build configuration list for PBXProject "AR_01" */ = {
			isa = XCConfigurationList;
			buildConfigurations = (
				AE299FFB2A5FA3A600E62E0C /* Debug */,
				AE299FFC2A5FA3A600E62E0C /* Release */,
			);
			defaultConfigurationIsVisible = 0;
			defaultConfigurationName = Release;
		};
		AE299FFD2A5FA3A600E62E0C /* Build configuration list for PBXNativeTarget "AR_01" */ = {
			isa = XCConfigurationList;
			buildConfigurations = (
				AE299FFE2A5FA3A600E62E0C /* Debug */,
				AE299FFF2A5FA3A600E62E0C /* Release */,
			);
			defaultConfigurationIsVisible = 0;
			defaultConfigurationName = Release;
		};
/* End XCConfigurationList section */
	};
	rootObject = AE299FE42A5FA3A500E62E0C /* Project object */;
}
