// !$*UTF8*$!
{
	archiveVersion = 1;
	classes = {
	};
	objectVersion = 56;
	objects = {

/* Begin PBXBuildFile section */
		AEF3F4022A5CEA9900B63DF7 /* swiftUI_ARApp.swift in Sources */ = {isa = PBXBuildFile; fileRef = AEF3F4012A5CEA9900B63DF7 /* swiftUI_ARApp.swift */; };
		AEF3F4042A5CEA9900B63DF7 /* ContentView.swift in Sources */ = {isa = PBXBuildFile; fileRef = AEF3F4032A5CEA9900B63DF7 /* ContentView.swift */; };
		AEF3F4062A5CEA9A00B63DF7 /* Assets.xcassets in Resources */ = {isa = PBXBuildFile; fileRef = AEF3F4052A5CEA9A00B63DF7 /* Assets.xcassets */; };
		AEF3F4092A5CEA9A00B63DF7 /* Preview Assets.xcassets in Resources */ = {isa = PBXBuildFile; fileRef = AEF3F4082A5CEA9A00B63DF7 /* Preview Assets.xcassets */; };
		AEF3F4132A5CEA9B00B63DF7 /* swiftUI_ARTests.swift in Sources */ = {isa = PBXBuildFile; fileRef = AEF3F4122A5CEA9B00B63DF7 /* swiftUI_ARTests.swift */; };
		AEF3F41D2A5CEA9B00B63DF7 /* swiftUI_ARUITests.swift in Sources */ = {isa = PBXBuildFile; fileRef = AEF3F41C2A5CEA9B00B63DF7 /* swiftUI_ARUITests.swift */; };
		AEF3F41F2A5CEA9B00B63DF7 /* swiftUI_ARUITestsLaunchTests.swift in Sources */ = {isa = PBXBuildFile; fileRef = AEF3F41E2A5CEA9B00B63DF7 /* swiftUI_ARUITestsLaunchTests.swift */; };
/* End PBXBuildFile section */

/* Begin PBXContainerItemProxy section */
		AEF3F40F2A5CEA9B00B63DF7 /* PBXContainerItemProxy */ = {
			isa = PBXContainerItemProxy;
			containerPortal = AEF3F3F62A5CEA9900B63DF7 /* Project object */;
			proxyType = 1;
			remoteGlobalIDString = AEF3F3FD2A5CEA9900B63DF7;
			remoteInfo = swiftUI_AR;
		};
		AEF3F4192A5CEA9B00B63DF7 /* PBXContainerItemProxy */ = {
			isa = PBXContainerItemProxy;
			containerPortal = AEF3F3F62A5CEA9900B63DF7 /* Project object */;
			proxyType = 1;
			remoteGlobalIDString = AEF3F3FD2A5CEA9900B63DF7;
			remoteInfo = swiftUI_AR;
		};
/* End PBXContainerItemProxy section */

/* Begin PBXFileReference section */
		AEF3F3FE2A5CEA9900B63DF7 /* swiftUI_AR.app */ = {isa = PBXFileReference; explicitFileType = wrapper.application; includeInIndex = 0; path = swiftUI_AR.app; sourceTree = BUILT_PRODUCTS_DIR; };
		AEF3F4012A5CEA9900B63DF7 /* swiftUI_ARApp.swift */ = {isa = PBXFileReference; lastKnownFileType = sourcecode.swift; path = swiftUI_ARApp.swift; sourceTree = "<group>"; };
		AEF3F4032A5CEA9900B63DF7 /* ContentView.swift */ = {isa = PBXFileReference; lastKnownFileType = sourcecode.swift; path = ContentView.swift; sourceTree = "<group>"; };
		AEF3F4052A5CEA9A00B63DF7 /* Assets.xcassets */ = {isa = PBXFileReference; lastKnownFileType = folder.assetcatalog; path = Assets.xcassets; sourceTree = "<group>"; };
		AEF3F4082A5CEA9A00B63DF7 /* Preview Assets.xcassets */ = {isa = PBXFileReference; lastKnownFileType = folder.assetcatalog; path = "Preview Assets.xcassets"; sourceTree = "<group>"; };
		AEF3F40E2A5CEA9B00B63DF7 /* swiftUI_ARTests.xctest */ = {isa = PBXFileReference; explicitFileType = wrapper.cfbundle; includeInIndex = 0; path = swiftUI_ARTests.xctest; sourceTree = BUILT_PRODUCTS_DIR; };
		AEF3F4122A5CEA9B00B63DF7 /* swiftUI_ARTests.swift */ = {isa = PBXFileReference; lastKnownFileType = sourcecode.swift; path = swiftUI_ARTests.swift; sourceTree = "<group>"; };
		AEF3F4182A5CEA9B00B63DF7 /* swiftUI_ARUITests.xctest */ = {isa = PBXFileReference; explicitFileType = wrapper.cfbundle; includeInIndex = 0; path = swiftUI_ARUITests.xctest; sourceTree = BUILT_PRODUCTS_DIR; };
		AEF3F41C2A5CEA9B00B63DF7 /* swiftUI_ARUITests.swift */ = {isa = PBXFileReference; lastKnownFileType = sourcecode.swift; path = swiftUI_ARUITests.swift; sourceTree = "<group>"; };
		AEF3F41E2A5CEA9B00B63DF7 /* swiftUI_ARUITestsLaunchTests.swift */ = {isa = PBXFileReference; lastKnownFileType = sourcecode.swift; path = swiftUI_ARUITestsLaunchTests.swift; sourceTree = "<group>"; };
/* End PBXFileReference section */

/* Begin PBXFrameworksBuildPhase section */
		AEF3F3FB2A5CEA9900B63DF7 /* Frameworks */ = {
			isa = PBXFrameworksBuildPhase;
			buildActionMask = 2147483647;
			files = (
			);
			runOnlyForDeploymentPostprocessing = 0;
		};
		AEF3F40B2A5CEA9B00B63DF7 /* Frameworks */ = {
			isa = PBXFrameworksBuildPhase;
			buildActionMask = 2147483647;
			files = (
			);
			runOnlyForDeploymentPostprocessing = 0;
		};
		AEF3F4152A5CEA9B00B63DF7 /* Frameworks */ = {
			isa = PBXFrameworksBuildPhase;
			buildActionMask = 2147483647;
			files = (
			);
			runOnlyForDeploymentPostprocessing = 0;
		};
/* End PBXFrameworksBuildPhase section */

/* Begin PBXGroup section */
		AEF3F3F52A5CEA9900B63DF7 = {
			isa = PBXGroup;
			children = (
				AEF3F4002A5CEA9900B63DF7 /* swiftUI_AR */,
				AEF3F4112A5CEA9B00B63DF7 /* swiftUI_ARTests */,
				AEF3F41B2A5CEA9B00B63DF7 /* swiftUI_ARUITests */,
				AEF3F3FF2A5CEA9900B63DF7 /* Products */,
			);
			sourceTree = "<group>";
		};
		AEF3F3FF2A5CEA9900B63DF7 /* Products */ = {
			isa = PBXGroup;
			children = (
				AEF3F3FE2A5CEA9900B63DF7 /* swiftUI_AR.app */,
				AEF3F40E2A5CEA9B00B63DF7 /* swiftUI_ARTests.xctest */,
				AEF3F4182A5CEA9B00B63DF7 /* swiftUI_ARUITests.xctest */,
			);
			name = Products;
			sourceTree = "<group>";
		};
		AEF3F4002A5CEA9900B63DF7 /* swiftUI_AR */ = {
			isa = PBXGroup;
			children = (
				AEF3F4012A5CEA9900B63DF7 /* swiftUI_ARApp.swift */,
				AEF3F4032A5CEA9900B63DF7 /* ContentView.swift */,
				AEF3F4052A5CEA9A00B63DF7 /* Assets.xcassets */,
				AEF3F4072A5CEA9A00B63DF7 /* Preview Content */,
			);
			path = swiftUI_AR;
			sourceTree = "<group>";
		};
		AEF3F4072A5CEA9A00B63DF7 /* Preview Content */ = {
			isa = PBXGroup;
			children = (
				AEF3F4082A5CEA9A00B63DF7 /* Preview Assets.xcassets */,
			);
			path = "Preview Content";
			sourceTree = "<group>";
		};
		AEF3F4112A5CEA9B00B63DF7 /* swiftUI_ARTests */ = {
			isa = PBXGroup;
			children = (
				AEF3F4122A5CEA9B00B63DF7 /* swiftUI_ARTests.swift */,
			);
			path = swiftUI_ARTests;
			sourceTree = "<group>";
		};
		AEF3F41B2A5CEA9B00B63DF7 /* swiftUI_ARUITests */ = {
			isa = PBXGroup;
			children = (
				AEF3F41C2A5CEA9B00B63DF7 /* swiftUI_ARUITests.swift */,
				AEF3F41E2A5CEA9B00B63DF7 /* swiftUI_ARUITestsLaunchTests.swift */,
			);
			path = swiftUI_ARUITests;
			sourceTree = "<group>";
		};
/* End PBXGroup section */

/* Begin PBXNativeTarget section */
		AEF3F3FD2A5CEA9900B63DF7 /* swiftUI_AR */ = {
			isa = PBXNativeTarget;
			buildConfigurationList = AEF3F4222A5CEA9B00B63DF7 /* Build configuration list for PBXNativeTarget "swiftUI_AR" */;
			buildPhases = (
				AEF3F3FA2A5CEA9900B63DF7 /* Sources */,
				AEF3F3FB2A5CEA9900B63DF7 /* Frameworks */,
				AEF3F3FC2A5CEA9900B63DF7 /* Resources */,
			);
			buildRules = (
			);
			dependencies = (
			);
			name = swiftUI_AR;
			productName = swiftUI_AR;
			productReference = AEF3F3FE2A5CEA9900B63DF7 /* swiftUI_AR.app */;
			productType = "com.apple.product-type.application";
		};
		AEF3F40D2A5CEA9B00B63DF7 /* swiftUI_ARTests */ = {
			isa = PBXNativeTarget;
			buildConfigurationList = AEF3F4252A5CEA9B00B63DF7 /* Build configuration list for PBXNativeTarget "swiftUI_ARTests" */;
			buildPhases = (
				AEF3F40A2A5CEA9B00B63DF7 /* Sources */,
				AEF3F40B2A5CEA9B00B63DF7 /* Frameworks */,
				AEF3F40C2A5CEA9B00B63DF7 /* Resources */,
			);
			buildRules = (
			);
			dependencies = (
				AEF3F4102A5CEA9B00B63DF7 /* PBXTargetDependency */,
			);
			name = swiftUI_ARTests;
			productName = swiftUI_ARTests;
			productReference = AEF3F40E2A5CEA9B00B63DF7 /* swiftUI_ARTests.xctest */;
			productType = "com.apple.product-type.bundle.unit-test";
		};
		AEF3F4172A5CEA9B00B63DF7 /* swiftUI_ARUITests */ = {
			isa = PBXNativeTarget;
			buildConfigurationList = AEF3F4282A5CEA9B00B63DF7 /* Build configuration list for PBXNativeTarget "swiftUI_ARUITests" */;
			buildPhases = (
				AEF3F4142A5CEA9B00B63DF7 /* Sources */,
				AEF3F4152A5CEA9B00B63DF7 /* Frameworks */,
				AEF3F4162A5CEA9B00B63DF7 /* Resources */,
			);
			buildRules = (
			);
			dependencies = (
				AEF3F41A2A5CEA9B00B63DF7 /* PBXTargetDependency */,
			);
			name = swiftUI_ARUITests;
			productName = swiftUI_ARUITests;
			productReference = AEF3F4182A5CEA9B00B63DF7 /* swiftUI_ARUITests.xctest */;
			productType = "com.apple.product-type.bundle.ui-testing";
		};
/* End PBXNativeTarget section */

/* Begin PBXProject section */
		AEF3F3F62A5CEA9900B63DF7 /* Project object */ = {
			isa = PBXProject;
			attributes = {
				BuildIndependentTargetsInParallel = 1;
				LastSwiftUpdateCheck = 1500;
				LastUpgradeCheck = 1500;
				TargetAttributes = {
					AEF3F3FD2A5CEA9900B63DF7 = {
						CreatedOnToolsVersion = 15.0;
					};
					AEF3F40D2A5CEA9B00B63DF7 = {
						CreatedOnToolsVersion = 15.0;
						TestTargetID = AEF3F3FD2A5CEA9900B63DF7;
					};
					AEF3F4172A5CEA9B00B63DF7 = {
						CreatedOnToolsVersion = 15.0;
						TestTargetID = AEF3F3FD2A5CEA9900B63DF7;
					};
				};
			};
			buildConfigurationList = AEF3F3F92A5CEA9900B63DF7 /* Build configuration list for PBXProject "swiftUI_AR" */;
			compatibilityVersion = "Xcode 14.0";
			developmentRegion = en;
			hasScannedForEncodings = 0;
			knownRegions = (
				en,
				Base,
			);
			mainGroup = AEF3F3F52A5CEA9900B63DF7;
			productRefGroup = AEF3F3FF2A5CEA9900B63DF7 /* Products */;
			projectDirPath = "";
			projectRoot = "";
			targets = (
				AEF3F3FD2A5CEA9900B63DF7 /* swiftUI_AR */,
				AEF3F40D2A5CEA9B00B63DF7 /* swiftUI_ARTests */,
				AEF3F4172A5CEA9B00B63DF7 /* swiftUI_ARUITests */,
			);
		};
/* End PBXProject section */

/* Begin PBXResourcesBuildPhase section */
		AEF3F3FC2A5CEA9900B63DF7 /* Resources */ = {
			isa = PBXResourcesBuildPhase;
			buildActionMask = 2147483647;
			files = (
				AEF3F4092A5CEA9A00B63DF7 /* Preview Assets.xcassets in Resources */,
				AEF3F4062A5CEA9A00B63DF7 /* Assets.xcassets in Resources */,
			);
			runOnlyForDeploymentPostprocessing = 0;
		};
		AEF3F40C2A5CEA9B00B63DF7 /* Resources */ = {
			isa = PBXResourcesBuildPhase;
			buildActionMask = 2147483647;
			files = (
			);
			runOnlyForDeploymentPostprocessing = 0;
		};
		AEF3F4162A5CEA9B00B63DF7 /* Resources */ = {
			isa = PBXResourcesBuildPhase;
			buildActionMask = 2147483647;
			files = (
			);
			runOnlyForDeploymentPostprocessing = 0;
		};
/* End PBXResourcesBuildPhase section */

/* Begin PBXSourcesBuildPhase section */
		AEF3F3FA2A5CEA9900B63DF7 /* Sources */ = {
			isa = PBXSourcesBuildPhase;
			buildActionMask = 2147483647;
			files = (
				AEF3F4042A5CEA9900B63DF7 /* ContentView.swift in Sources */,
				AEF3F4022A5CEA9900B63DF7 /* swiftUI_ARApp.swift in Sources */,
			);
			runOnlyForDeploymentPostprocessing = 0;
		};
		AEF3F40A2A5CEA9B00B63DF7 /* Sources */ = {
			isa = PBXSourcesBuildPhase;
			buildActionMask = 2147483647;
			files = (
				AEF3F4132A5CEA9B00B63DF7 /* swiftUI_ARTests.swift in Sources */,
			);
			runOnlyForDeploymentPostprocessing = 0;
		};
		AEF3F4142A5CEA9B00B63DF7 /* Sources */ = {
			isa = PBXSourcesBuildPhase;
			buildActionMask = 2147483647;
			files = (
				AEF3F41D2A5CEA9B00B63DF7 /* swiftUI_ARUITests.swift in Sources */,
				AEF3F41F2A5CEA9B00B63DF7 /* swiftUI_ARUITestsLaunchTests.swift in Sources */,
			);
			runOnlyForDeploymentPostprocessing = 0;
		};
/* End PBXSourcesBuildPhase section */

/* Begin PBXTargetDependency section */
		AEF3F4102A5CEA9B00B63DF7 /* PBXTargetDependency */ = {
			isa = PBXTargetDependency;
			target = AEF3F3FD2A5CEA9900B63DF7 /* swiftUI_AR */;
			targetProxy = AEF3F40F2A5CEA9B00B63DF7 /* PBXContainerItemProxy */;
		};
		AEF3F41A2A5CEA9B00B63DF7 /* PBXTargetDependency */ = {
			isa = PBXTargetDependency;
			target = AEF3F3FD2A5CEA9900B63DF7 /* swiftUI_AR */;
			targetProxy = AEF3F4192A5CEA9B00B63DF7 /* PBXContainerItemProxy */;
		};
/* End PBXTargetDependency section */

/* Begin XCBuildConfiguration section */
		AEF3F4202A5CEA9B00B63DF7 /* Debug */ = {
			isa = XCBuildConfiguration;
			buildSettings = {
				ALWAYS_SEARCH_USER_PATHS = NO;
				ASSETCATALOG_COMPILER_GENERATE_SWIFT_ASSET_SYMBOL_EXTENSIONS = YES;
				CLANG_ANALYZER_NONNULL = YES;
				CLANG_ANALYZER_NUMBER_OBJECT_CONVERSION = YES_AGGRESSIVE;
				CLANG_CXX_LANGUAGE_STANDARD = "gnu++20";
				CLANG_ENABLE_MODULES = YES;
				CLANG_ENABLE_OBJC_ARC = YES;
				CLANG_ENABLE_OBJC_WEAK = YES;
				CLANG_WARN_BLOCK_CAPTURE_AUTORELEASING = YES;
				CLANG_WARN_BOOL_CONVERSION = YES;
				CLANG_WARN_COMMA = YES;
				CLANG_WARN_CONSTANT_CONVERSION = YES;
				CLANG_WARN_DEPRECATED_OBJC_IMPLEMENTATIONS = YES;
				CLANG_WARN_DIRECT_OBJC_ISA_USAGE = YES_ERROR;
				CLANG_WARN_DOCUMENTATION_COMMENTS = YES;
				CLANG_WARN_EMPTY_BODY = YES;
				CLANG_WARN_ENUM_CONVERSION = YES;
				CLANG_WARN_INFINITE_RECURSION = YES;
				CLANG_WARN_INT_CONVERSION = YES;
				CLANG_WARN_NON_LITERAL_NULL_CONVERSION = YES;
				CLANG_WARN_OBJC_IMPLICIT_RETAIN_SELF = YES;
				CLANG_WARN_OBJC_LITERAL_CONVERSION = YES;
				CLANG_WARN_OBJC_ROOT_CLASS = YES_ERROR;
				CLANG_WARN_QUOTED_INCLUDE_IN_FRAMEWORK_HEADER = YES;
				CLANG_WARN_RANGE_LOOP_ANALYSIS = YES;
				CLANG_WARN_STRICT_PROTOTYPES = YES;
				CLANG_WARN_SUSPICIOUS_MOVE = YES;
				CLANG_WARN_UNGUARDED_AVAILABILITY = YES_AGGRESSIVE;
				CLANG_WARN_UNREACHABLE_CODE = YES;
				CLANG_WARN__DUPLICATE_METHOD_MATCH = YES;
				COPY_PHASE_STRIP = NO;
				DEBUG_INFORMATION_FORMAT = dwarf;
				ENABLE_STRICT_OBJC_MSGSEND = YES;
				ENABLE_TESTABILITY = YES;
				ENABLE_USER_SCRIPT_SANDBOXING = YES;
				GCC_C_LANGUAGE_STANDARD = gnu17;
				GCC_DYNAMIC_NO_PIC = NO;
				GCC_NO_COMMON_BLOCKS = YES;
				GCC_OPTIMIZATION_LEVEL = 0;
				GCC_PREPROCESSOR_DEFINITIONS = (
					"DEBUG=1",
					"$(inherited)",
				);
				GCC_WARN_64_TO_32_BIT_CONVERSION = YES;
				GCC_WARN_ABOUT_RETURN_TYPE = YES_ERROR;
				GCC_WARN_UNDECLARED_SELECTOR = YES;
				GCC_WARN_UNINITIALIZED_AUTOS = YES_AGGRESSIVE;
				GCC_WARN_UNUSED_FUNCTION = YES;
				GCC_WARN_UNUSED_VARIABLE = YES;
				IPHONEOS_DEPLOYMENT_TARGET = 17.0;
				LOCALIZATION_PREFERS_STRING_CATALOGS = YES;
				MTL_ENABLE_DEBUG_INFO = INCLUDE_SOURCE;
				MTL_FAST_MATH = YES;
				ONLY_ACTIVE_ARCH = YES;
				SDKROOT = iphoneos;
				SWIFT_ACTIVE_COMPILATION_CONDITIONS = "DEBUG $(inherited)";
				SWIFT_OPTIMIZATION_LEVEL = "-Onone";
			};
			name = Debug;
		};
		AEF3F4212A5CEA9B00B63DF7 /* Release */ = {
			isa = XCBuildConfiguration;
			buildSettings = {
				ALWAYS_SEARCH_USER_PATHS = NO;
				ASSETCATALOG_COMPILER_GENERATE_SWIFT_ASSET_SYMBOL_EXTENSIONS = YES;
				CLANG_ANALYZER_NONNULL = YES;
				CLANG_ANALYZER_NUMBER_OBJECT_CONVERSION = YES_AGGRESSIVE;
				CLANG_CXX_LANGUAGE_STANDARD = "gnu++20";
				CLANG_ENABLE_MODULES = YES;
				CLANG_ENABLE_OBJC_ARC = YES;
				CLANG_ENABLE_OBJC_WEAK = YES;
				CLANG_WARN_BLOCK_CAPTURE_AUTORELEASING = YES;
				CLANG_WARN_BOOL_CONVERSION = YES;
				CLANG_WARN_COMMA = YES;
				CLANG_WARN_CONSTANT_CONVERSION = YES;
				CLANG_WARN_DEPRECATED_OBJC_IMPLEMENTATIONS = YES;
				CLANG_WARN_DIRECT_OBJC_ISA_USAGE = YES_ERROR;
				CLANG_WARN_DOCUMENTATION_COMMENTS = YES;
				CLANG_WARN_EMPTY_BODY = YES;
				CLANG_WARN_ENUM_CONVERSION = YES;
				CLANG_WARN_INFINITE_RECURSION = YES;
				CLANG_WARN_INT_CONVERSION = YES;
				CLANG_WARN_NON_LITERAL_NULL_CONVERSION = YES;
				CLANG_WARN_OBJC_IMPLICIT_RETAIN_SELF = YES;
				CLANG_WARN_OBJC_LITERAL_CONVERSION = YES;
				CLANG_WARN_OBJC_ROOT_CLASS = YES_ERROR;
				CLANG_WARN_QUOTED_INCLUDE_IN_FRAMEWORK_HEADER = YES;
				CLANG_WARN_RANGE_LOOP_ANALYSIS = YES;
				CLANG_WARN_STRICT_PROTOTYPES = YES;
				CLANG_WARN_SUSPICIOUS_MOVE = YES;
				CLANG_WARN_UNGUARDED_AVAILABILITY = YES_AGGRESSIVE;
				CLANG_WARN_UNREACHABLE_CODE = YES;
				CLANG_WARN__DUPLICATE_METHOD_MATCH = YES;
				COPY_PHASE_STRIP = NO;
				DEBUG_INFORMATION_FORMAT = "dwarf-with-dsym";
				ENABLE_NS_ASSERTIONS = NO;
				ENABLE_STRICT_OBJC_MSGSEND = YES;
				ENABLE_USER_SCRIPT_SANDBOXING = YES;
				GCC_C_LANGUAGE_STANDARD = gnu17;
				GCC_NO_COMMON_BLOCKS = YES;
				GCC_WARN_64_TO_32_BIT_CONVERSION = YES;
				GCC_WARN_ABOUT_RETURN_TYPE = YES_ERROR;
				GCC_WARN_UNDECLARED_SELECTOR = YES;
				GCC_WARN_UNINITIALIZED_AUTOS = YES_AGGRESSIVE;
				GCC_WARN_UNUSED_FUNCTION = YES;
				GCC_WARN_UNUSED_VARIABLE = YES;
				IPHONEOS_DEPLOYMENT_TARGET = 17.0;
				LOCALIZATION_PREFERS_STRING_CATALOGS = YES;
				MTL_ENABLE_DEBUG_INFO = NO;
				MTL_FAST_MATH = YES;
				SDKROOT = iphoneos;
				SWIFT_COMPILATION_MODE = wholemodule;
				VALIDATE_PRODUCT = YES;
			};
			name = Release;
		};
		AEF3F4232A5CEA9B00B63DF7 /* Debug */ = {
			isa = XCBuildConfiguration;
			buildSettings = {
				ASSETCATALOG_COMPILER_APPICON_NAME = AppIcon;
				ASSETCATALOG_COMPILER_GLOBAL_ACCENT_COLOR_NAME = AccentColor;
				CODE_SIGN_STYLE = Automatic;
				CURRENT_PROJECT_VERSION = 1;
				DEVELOPMENT_ASSET_PATHS = "\"swiftUI_AR/Preview Content\"";
				DEVELOPMENT_TEAM = 27977R6VY3;
				ENABLE_PREVIEWS = YES;
				GENERATE_INFOPLIST_FILE = YES;
				INFOPLIST_KEY_UIApplicationSceneManifest_Generation = YES;
				INFOPLIST_KEY_UIApplicationSupportsIndirectInputEvents = YES;
				INFOPLIST_KEY_UILaunchScreen_Generation = YES;
				INFOPLIST_KEY_UISupportedInterfaceOrientations_iPad = "UIInterfaceOrientationPortrait UIInterfaceOrientationPortraitUpsideDown UIInterfaceOrientationLandscapeLeft UIInterfaceOrientationLandscapeRight";
				INFOPLIST_KEY_UISupportedInterfaceOrientations_iPhone = "UIInterfaceOrientationPortrait UIInterfaceOrientationLandscapeLeft UIInterfaceOrientationLandscapeRight";
				LD_RUNPATH_SEARCH_PATHS = (
					"$(inherited)",
					"@executable_path/Frameworks",
				);
				MARKETING_VERSION = 1.0;
				PRODUCT_BUNDLE_IDENTIFIER = "com.pep.test-ar-1.swiftUI-AR";
				PRODUCT_NAME = "$(TARGET_NAME)";
				SWIFT_EMIT_LOC_STRINGS = YES;
				SWIFT_VERSION = 5.0;
				TARGETED_DEVICE_FAMILY = "1,2";
			};
			name = Debug;
		};
		AEF3F4242A5CEA9B00B63DF7 /* Release */ = {
			isa = XCBuildConfiguration;
			buildSettings = {
				ASSETCATALOG_COMPILER_APPICON_NAME = AppIcon;
				ASSETCATALOG_COMPILER_GLOBAL_ACCENT_COLOR_NAME = AccentColor;
				CODE_SIGN_STYLE = Automatic;
				CURRENT_PROJECT_VERSION = 1;
				DEVELOPMENT_ASSET_PATHS = "\"swiftUI_AR/Preview Content\"";
				DEVELOPMENT_TEAM = 27977R6VY3;
				ENABLE_PREVIEWS = YES;
				GENERATE_INFOPLIST_FILE = YES;
				INFOPLIST_KEY_UIApplicationSceneManifest_Generation = YES;
				INFOPLIST_KEY_UIApplicationSupportsIndirectInputEvents = YES;
				INFOPLIST_KEY_UILaunchScreen_Generation = YES;
				INFOPLIST_KEY_UISupportedInterfaceOrientations_iPad = "UIInterfaceOrientationPortrait UIInterfaceOrientationPortraitUpsideDown UIInterfaceOrientationLandscapeLeft UIInterfaceOrientationLandscapeRight";
				INFOPLIST_KEY_UISupportedInterfaceOrientations_iPhone = "UIInterfaceOrientationPortrait UIInterfaceOrientationLandscapeLeft UIInterfaceOrientationLandscapeRight";
				LD_RUNPATH_SEARCH_PATHS = (
					"$(inherited)",
					"@executable_path/Frameworks",
				);
				MARKETING_VERSION = 1.0;
				PRODUCT_BUNDLE_IDENTIFIER = "com.pep.test-ar-1.swiftUI-AR";
				PRODUCT_NAME = "$(TARGET_NAME)";
				SWIFT_EMIT_LOC_STRINGS = YES;
				SWIFT_VERSION = 5.0;
				TARGETED_DEVICE_FAMILY = "1,2";
			};
			name = Release;
		};
		AEF3F4262A5CEA9B00B63DF7 /* Debug */ = {
			isa = XCBuildConfiguration;
			buildSettings = {
				ALWAYS_EMBED_SWIFT_STANDARD_LIBRARIES = YES;
				BUNDLE_LOADER = "$(TEST_HOST)";
				CODE_SIGN_STYLE = Automatic;
				CURRENT_PROJECT_VERSION = 1;
				DEVELOPMENT_TEAM = 27977R6VY3;
				GENERATE_INFOPLIST_FILE = YES;
				IPHONEOS_DEPLOYMENT_TARGET = 17.0;
				MARKETING_VERSION = 1.0;
				PRODUCT_BUNDLE_IDENTIFIER = "com.pep.test-ar-1.swiftUI-ARTests";
				PRODUCT_NAME = "$(TARGET_NAME)";
				SWIFT_EMIT_LOC_STRINGS = NO;
				SWIFT_VERSION = 5.0;
				TARGETED_DEVICE_FAMILY = "1,2";
				TEST_HOST = "$(BUILT_PRODUCTS_DIR)/swiftUI_AR.app/$(BUNDLE_EXECUTABLE_FOLDER_PATH)/swiftUI_AR";
			};
			name = Debug;
		};
		AEF3F4272A5CEA9B00B63DF7 /* Release */ = {
			isa = XCBuildConfiguration;
			buildSettings = {
				ALWAYS_EMBED_SWIFT_STANDARD_LIBRARIES = YES;
				BUNDLE_LOADER = "$(TEST_HOST)";
				CODE_SIGN_STYLE = Automatic;
				CURRENT_PROJECT_VERSION = 1;
				DEVELOPMENT_TEAM = 27977R6VY3;
				GENERATE_INFOPLIST_FILE = YES;
				IPHONEOS_DEPLOYMENT_TARGET = 17.0;
				MARKETING_VERSION = 1.0;
				PRODUCT_BUNDLE_IDENTIFIER = "com.pep.test-ar-1.swiftUI-ARTests";
				PRODUCT_NAME = "$(TARGET_NAME)";
				SWIFT_EMIT_LOC_STRINGS = NO;
				SWIFT_VERSION = 5.0;
				TARGETED_DEVICE_FAMILY = "1,2";
				TEST_HOST = "$(BUILT_PRODUCTS_DIR)/swiftUI_AR.app/$(BUNDLE_EXECUTABLE_FOLDER_PATH)/swiftUI_AR";
			};
			name = Release;
		};
		AEF3F4292A5CEA9B00B63DF7 /* Debug */ = {
			isa = XCBuildConfiguration;
			buildSettings = {
				ALWAYS_EMBED_SWIFT_STANDARD_LIBRARIES = YES;
				CODE_SIGN_STYLE = Automatic;
				CURRENT_PROJECT_VERSION = 1;
				DEVELOPMENT_TEAM = 27977R6VY3;
				GENERATE_INFOPLIST_FILE = YES;
				MARKETING_VERSION = 1.0;
				PRODUCT_BUNDLE_IDENTIFIER = "com.pep.test-ar-1.swiftUI-ARUITests";
				PRODUCT_NAME = "$(TARGET_NAME)";
				SWIFT_EMIT_LOC_STRINGS = NO;
				SWIFT_VERSION = 5.0;
				TARGETED_DEVICE_FAMILY = "1,2";
				TEST_TARGET_NAME = swiftUI_AR;
			};
			name = Debug;
		};
		AEF3F42A2A5CEA9B00B63DF7 /* Release */ = {
			isa = XCBuildConfiguration;
			buildSettings = {
				ALWAYS_EMBED_SWIFT_STANDARD_LIBRARIES = YES;
				CODE_SIGN_STYLE = Automatic;
				CURRENT_PROJECT_VERSION = 1;
				DEVELOPMENT_TEAM = 27977R6VY3;
				GENERATE_INFOPLIST_FILE = YES;
				MARKETING_VERSION = 1.0;
				PRODUCT_BUNDLE_IDENTIFIER = "com.pep.test-ar-1.swiftUI-ARUITests";
				PRODUCT_NAME = "$(TARGET_NAME)";
				SWIFT_EMIT_LOC_STRINGS = NO;
				SWIFT_VERSION = 5.0;
				TARGETED_DEVICE_FAMILY = "1,2";
				TEST_TARGET_NAME = swiftUI_AR;
			};
			name = Release;
		};
/* End XCBuildConfiguration section */

/* Begin XCConfigurationList section */
		AEF3F3F92A5CEA9900B63DF7 /* Build configuration list for PBXProject "swiftUI_AR" */ = {
			isa = XCConfigurationList;
			buildConfigurations = (
				AEF3F4202A5CEA9B00B63DF7 /* Debug */,
				AEF3F4212A5CEA9B00B63DF7 /* Release */,
			);
			defaultConfigurationIsVisible = 0;
			defaultConfigurationName = Release;
		};
		AEF3F4222A5CEA9B00B63DF7 /* Build configuration list for PBXNativeTarget "swiftUI_AR" */ = {
			isa = XCConfigurationList;
			buildConfigurations = (
				AEF3F4232A5CEA9B00B63DF7 /* Debug */,
				AEF3F4242A5CEA9B00B63DF7 /* Release */,
			);
			defaultConfigurationIsVisible = 0;
			defaultConfigurationName = Release;
		};
		AEF3F4252A5CEA9B00B63DF7 /* Build configuration list for PBXNativeTarget "swiftUI_ARTests" */ = {
			isa = XCConfigurationList;
			buildConfigurations = (
				AEF3F4262A5CEA9B00B63DF7 /* Debug */,
				AEF3F4272A5CEA9B00B63DF7 /* Release */,
			);
			defaultConfigurationIsVisible = 0;
			defaultConfigurationName = Release;
		};
		AEF3F4282A5CEA9B00B63DF7 /* Build configuration list for PBXNativeTarget "swiftUI_ARUITests" */ = {
			isa = XCConfigurationList;
			buildConfigurations = (
				AEF3F4292A5CEA9B00B63DF7 /* Debug */,
				AEF3F42A2A5CEA9B00B63DF7 /* Release */,
			);
			defaultConfigurationIsVisible = 0;
			defaultConfigurationName = Release;
		};
/* End XCConfigurationList section */
	};
	rootObject = AEF3F3F62A5CEA9900B63DF7 /* Project object */;
}
