// !$*UTF8*$!
{
	archiveVersion = 1;
	classes = {
	};
	objectVersion = 56;
	objects = {

/* Begin PBXBuildFile section */
		231F183FACEC6564E9B2B973 /* Pods_BadmintonPEP.framework in Frameworks */ = {isa = PBXBuildFile; fileRef = 162EBE9BC0D2F9A78774DD56 /* Pods_BadmintonPEP.framework */; };
		AE0C4EBB2B2054CC004DDC91 /* AppDelegate.swift in Sources */ = {isa = PBXBuildFile; fileRef = AE0C4EBA2B2054CC004DDC91 /* AppDelegate.swift */; };
		AE0C4EBF2B2054CC004DDC91 /* ViewController.swift in Sources */ = {isa = PBXBuildFile; fileRef = AE0C4EBE2B2054CC004DDC91 /* ViewController.swift */; };
		AE0C4EC22B2054CC004DDC91 /* Main.storyboard in Resources */ = {isa = PBXBuildFile; fileRef = AE0C4EC02B2054CC004DDC91 /* Main.storyboard */; };
		AE0C4EC42B2054CE004DDC91 /* Assets.xcassets in Resources */ = {isa = PBXBuildFile; fileRef = AE0C4EC32B2054CE004DDC91 /* Assets.xcassets */; };
		AE0C4EC72B2054CE004DDC91 /* LaunchScreen.storyboard in Resources */ = {isa = PBXBuildFile; fileRef = AE0C4EC52B2054CE004DDC91 /* LaunchScreen.storyboard */; };
		AE0C4FFF2B21B877004DDC91 /* board.swift in Sources */ = {isa = PBXBuildFile; fileRef = AE0C4FFE2B21B877004DDC91 /* board.swift */; };
		AE0C50032B21B8E6004DDC91 /* board.storyboard in Resources */ = {isa = PBXBuildFile; fileRef = AE0C50012B21B8E6004DDC91 /* board.storyboard */; };
/* End PBXBuildFile section */

/* Begin PBXFileReference section */
		162EBE9BC0D2F9A78774DD56 /* Pods_BadmintonPEP.framework */ = {isa = PBXFileReference; explicitFileType = wrapper.framework; includeInIndex = 0; path = Pods_BadmintonPEP.framework; sourceTree = BUILT_PRODUCTS_DIR; };
		2CC82635C1707690CEC1D5F0 /* Pods-BadmintonPEP.debug.xcconfig */ = {isa = PBXFileReference; includeInIndex = 1; lastKnownFileType = text.xcconfig; name = "Pods-BadmintonPEP.debug.xcconfig"; path = "Target Support Files/Pods-BadmintonPEP/Pods-BadmintonPEP.debug.xcconfig"; sourceTree = "<group>"; };
		88E048823E1054522B4758A4 /* Pods-BadmintonPEP.release.xcconfig */ = {isa = PBXFileReference; includeInIndex = 1; lastKnownFileType = text.xcconfig; name = "Pods-BadmintonPEP.release.xcconfig"; path = "Target Support Files/Pods-BadmintonPEP/Pods-BadmintonPEP.release.xcconfig"; sourceTree = "<group>"; };
		AE0C4EB72B2054CC004DDC91 /* BadmintonPEP.app */ = {isa = PBXFileReference; explicitFileType = wrapper.application; includeInIndex = 0; path = BadmintonPEP.app; sourceTree = BUILT_PRODUCTS_DIR; };
		AE0C4EBA2B2054CC004DDC91 /* AppDelegate.swift */ = {isa = PBXFileReference; lastKnownFileType = sourcecode.swift; path = AppDelegate.swift; sourceTree = "<group>"; };
		AE0C4EBE2B2054CC004DDC91 /* ViewController.swift */ = {isa = PBXFileReference; lastKnownFileType = sourcecode.swift; path = ViewController.swift; sourceTree = "<group>"; };
		AE0C4EC12B2054CC004DDC91 /* Base */ = {isa = PBXFileReference; lastKnownFileType = file.storyboard; name = Base; path = Base.lproj/Main.storyboard; sourceTree = "<group>"; };
		AE0C4EC32B2054CE004DDC91 /* Assets.xcassets */ = {isa = PBXFileReference; lastKnownFileType = folder.assetcatalog; path = Assets.xcassets; sourceTree = "<group>"; };
		AE0C4EC62B2054CE004DDC91 /* Base */ = {isa = PBXFileReference; lastKnownFileType = file.storyboard; name = Base; path = Base.lproj/LaunchScreen.storyboard; sourceTree = "<group>"; };
		AE0C4EC82B2054CE004DDC91 /* Info.plist */ = {isa = PBXFileReference; lastKnownFileType = text.plist.xml; path = Info.plist; sourceTree = "<group>"; };
		AE0C4FFE2B21B877004DDC91 /* board.swift */ = {isa = PBXFileReference; lastKnownFileType = sourcecode.swift; path = board.swift; sourceTree = "<group>"; };
		AE0C50022B21B8E6004DDC91 /* Base */ = {isa = PBXFileReference; lastKnownFileType = file.storyboard; name = Base; path = BadmintonPEP/Base.lproj/board.storyboard; sourceTree = "<group>"; };
/* End PBXFileReference section */

/* Begin PBXFrameworksBuildPhase section */
		AE0C4EB42B2054CC004DDC91 /* Frameworks */ = {
			isa = PBXFrameworksBuildPhase;
			buildActionMask = 2147483647;
			files = (
				231F183FACEC6564E9B2B973 /* Pods_BadmintonPEP.framework in Frameworks */,
			);
			runOnlyForDeploymentPostprocessing = 0;
		};
/* End PBXFrameworksBuildPhase section */

/* Begin PBXGroup section */
		0B958D4E4718A204A020035E /* Pods */ = {
			isa = PBXGroup;
			children = (
				2CC82635C1707690CEC1D5F0 /* Pods-BadmintonPEP.debug.xcconfig */,
				88E048823E1054522B4758A4 /* Pods-BadmintonPEP.release.xcconfig */,
			);
			name = Pods;
			path = Pods;
			sourceTree = "<group>";
		};
		35D0D943DE144BA1187B4A3D /* Frameworks */ = {
			isa = PBXGroup;
			children = (
				162EBE9BC0D2F9A78774DD56 /* Pods_BadmintonPEP.framework */,
			);
			name = Frameworks;
			sourceTree = "<group>";
		};
		AE0C4EAE2B2054CC004DDC91 = {
			isa = PBXGroup;
			children = (
				AE0C4EB92B2054CC004DDC91 /* BadmintonPEP */,
				AE0C4EB82B2054CC004DDC91 /* Products */,
				0B958D4E4718A204A020035E /* Pods */,
				35D0D943DE144BA1187B4A3D /* Frameworks */,
			);
			sourceTree = "<group>";
		};
		AE0C4EB82B2054CC004DDC91 /* Products */ = {
			isa = PBXGroup;
			children = (
				AE0C4EB72B2054CC004DDC91 /* BadmintonPEP.app */,
			);
			name = Products;
			sourceTree = "<group>";
		};
		AE0C4EB92B2054CC004DDC91 /* BadmintonPEP */ = {
			isa = PBXGroup;
			children = (
				AE0C4EBA2B2054CC004DDC91 /* AppDelegate.swift */,
				AE0C4EBE2B2054CC004DDC91 /* ViewController.swift */,
				AE0C50002B21B87D004DDC91 /* board */,
				AE0C4EC02B2054CC004DDC91 /* Main.storyboard */,
				AE0C4EC32B2054CE004DDC91 /* Assets.xcassets */,
				AE0C4EC52B2054CE004DDC91 /* LaunchScreen.storyboard */,
				AE0C4EC82B2054CE004DDC91 /* Info.plist */,
			);
			path = BadmintonPEP;
			sourceTree = "<group>";
		};
		AE0C50002B21B87D004DDC91 /* board */ = {
			isa = PBXGroup;
			children = (
				AE0C50012B21B8E6004DDC91 /* board.storyboard */,
				AE0C4FFE2B21B877004DDC91 /* board.swift */,
			);
			path = board;
			sourceTree = "<group>";
		};
/* End PBXGroup section */

/* Begin PBXNativeTarget section */
		AE0C4EB62B2054CC004DDC91 /* BadmintonPEP */ = {
			isa = PBXNativeTarget;
			buildConfigurationList = AE0C4ECB2B2054CE004DDC91 /* Build configuration list for PBXNativeTarget "BadmintonPEP" */;
			buildPhases = (
				FC52FBCEFE3614BB4662ACAD /* [CP] Check Pods Manifest.lock */,
				AE0C4EB32B2054CC004DDC91 /* Sources */,
				AE0C4EB42B2054CC004DDC91 /* Frameworks */,
				AE0C4EB52B2054CC004DDC91 /* Resources */,
				45F70FDB3FDD4D91526994B8 /* [CP] Embed Pods Frameworks */,
			);
			buildRules = (
			);
			dependencies = (
			);
			name = BadmintonPEP;
			productName = BadmintonPEP;
			productReference = AE0C4EB72B2054CC004DDC91 /* BadmintonPEP.app */;
			productType = "com.apple.product-type.application";
		};
/* End PBXNativeTarget section */

/* Begin PBXProject section */
		AE0C4EAF2B2054CC004DDC91 /* Project object */ = {
			isa = PBXProject;
			attributes = {
				BuildIndependentTargetsInParallel = 1;
				LastSwiftUpdateCheck = 1510;
				LastUpgradeCheck = 1510;
				TargetAttributes = {
					AE0C4EB62B2054CC004DDC91 = {
						CreatedOnToolsVersion = 15.1;
					};
				};
			};
			buildConfigurationList = AE0C4EB22B2054CC004DDC91 /* Build configuration list for PBXProject "BadmintonPEP" */;
			compatibilityVersion = "Xcode 14.0";
			developmentRegion = en;
			hasScannedForEncodings = 0;
			knownRegions = (
				en,
				Base,
			);
			mainGroup = AE0C4EAE2B2054CC004DDC91;
			productRefGroup = AE0C4EB82B2054CC004DDC91 /* Products */;
			projectDirPath = "";
			projectRoot = "";
			targets = (
				AE0C4EB62B2054CC004DDC91 /* BadmintonPEP */,
			);
		};
/* End PBXProject section */

/* Begin PBXResourcesBuildPhase section */
		AE0C4EB52B2054CC004DDC91 /* Resources */ = {
			isa = PBXResourcesBuildPhase;
			buildActionMask = 2147483647;
			files = (
				AE0C4EC72B2054CE004DDC91 /* LaunchScreen.storyboard in Resources */,
				AE0C4EC42B2054CE004DDC91 /* Assets.xcassets in Resources */,
				AE0C4EC22B2054CC004DDC91 /* Main.storyboard in Resources */,
				AE0C50032B21B8E6004DDC91 /* board.storyboard in Resources */,
			);
			runOnlyForDeploymentPostprocessing = 0;
		};
/* End PBXResourcesBuildPhase section */

/* Begin PBXShellScriptBuildPhase section */
		45F70FDB3FDD4D91526994B8 /* [CP] Embed Pods Frameworks */ = {
			isa = PBXShellScriptBuildPhase;
			buildActionMask = 2147483647;
			files = (
			);
			inputFileListPaths = (
				"${PODS_ROOT}/Target Support Files/Pods-BadmintonPEP/Pods-BadmintonPEP-frameworks-${CONFIGURATION}-input-files.xcfilelist",
			);
			name = "[CP] Embed Pods Frameworks";
			outputFileListPaths = (
				"${PODS_ROOT}/Target Support Files/Pods-BadmintonPEP/Pods-BadmintonPEP-frameworks-${CONFIGURATION}-output-files.xcfilelist",
			);
			runOnlyForDeploymentPostprocessing = 0;
			shellPath = /bin/sh;
			shellScript = "\"${PODS_ROOT}/Target Support Files/Pods-BadmintonPEP/Pods-BadmintonPEP-frameworks.sh\"\n";
			showEnvVarsInLog = 0;
		};
		FC52FBCEFE3614BB4662ACAD /* [CP] Check Pods Manifest.lock */ = {
			isa = PBXShellScriptBuildPhase;
			buildActionMask = 2147483647;
			files = (
			);
			inputFileListPaths = (
			);
			inputPaths = (
				"${PODS_PODFILE_DIR_PATH}/Podfile.lock",
				"${PODS_ROOT}/Manifest.lock",
			);
			name = "[CP] Check Pods Manifest.lock";
			outputFileListPaths = (
			);
			outputPaths = (
				"$(DERIVED_FILE_DIR)/Pods-BadmintonPEP-checkManifestLockResult.txt",
			);
			runOnlyForDeploymentPostprocessing = 0;
			shellPath = /bin/sh;
			shellScript = "diff \"${PODS_PODFILE_DIR_PATH}/Podfile.lock\" \"${PODS_ROOT}/Manifest.lock\" > /dev/null\nif [ $? != 0 ] ; then\n    # print error to STDERR\n    echo \"error: The sandbox is not in sync with the Podfile.lock. Run 'pod install' or update your CocoaPods installation.\" >&2\n    exit 1\nfi\n# This output is used by Xcode 'outputs' to avoid re-running this script phase.\necho \"SUCCESS\" > \"${SCRIPT_OUTPUT_FILE_0}\"\n";
			showEnvVarsInLog = 0;
		};
/* End PBXShellScriptBuildPhase section */

/* Begin PBXSourcesBuildPhase section */
		AE0C4EB32B2054CC004DDC91 /* Sources */ = {
			isa = PBXSourcesBuildPhase;
			buildActionMask = 2147483647;
			files = (
				AE0C4EBF2B2054CC004DDC91 /* ViewController.swift in Sources */,
				AE0C4EBB2B2054CC004DDC91 /* AppDelegate.swift in Sources */,
				AE0C4FFF2B21B877004DDC91 /* board.swift in Sources */,
			);
			runOnlyForDeploymentPostprocessing = 0;
		};
/* End PBXSourcesBuildPhase section */

/* Begin PBXVariantGroup section */
		AE0C4EC02B2054CC004DDC91 /* Main.storyboard */ = {
			isa = PBXVariantGroup;
			children = (
				AE0C4EC12B2054CC004DDC91 /* Base */,
			);
			name = Main.storyboard;
			sourceTree = "<group>";
		};
		AE0C4EC52B2054CE004DDC91 /* LaunchScreen.storyboard */ = {
			isa = PBXVariantGroup;
			children = (
				AE0C4EC62B2054CE004DDC91 /* Base */,
			);
			name = LaunchScreen.storyboard;
			sourceTree = "<group>";
		};
		AE0C50012B21B8E6004DDC91 /* board.storyboard */ = {
			isa = PBXVariantGroup;
			children = (
				AE0C50022B21B8E6004DDC91 /* Base */,
			);
			name = board.storyboard;
			sourceTree = "<group>";
		};
/* End PBXVariantGroup section */

/* Begin XCBuildConfiguration section */
		AE0C4EC92B2054CE004DDC91 /* Debug */ = {
			isa = XCBuildConfiguration;
			buildSettings = {
				ALWAYS_SEARCH_USER_PATHS = NO;
				ASSETCATALOG_COMPILER_GENERATE_SWIFT_ASSET_SYMBOL_EXTENSIONS = YES;
				CLANG_ANALYZER_NONNULL = YES;
				CLANG_ANALYZER_NUMBER_OBJECT_CONVERSION = YES_AGGRESSIVE;
				CLANG_CXX_LANGUAGE_STANDARD = "gnu++20";
				CLANG_ENABLE_MODULES = YES;
				CLANG_ENABLE_OBJC_ARC = YES;
				CLANG_ENABLE_OBJC_WEAK = YES;
				CLANG_WARN_BLOCK_CAPTURE_AUTORELEASING = YES;
				CLANG_WARN_BOOL_CONVERSION = YES;
				CLANG_WARN_COMMA = YES;
				CLANG_WARN_CONSTANT_CONVERSION = YES;
				CLANG_WARN_DEPRECATED_OBJC_IMPLEMENTATIONS = YES;
				CLANG_WARN_DIRECT_OBJC_ISA_USAGE = YES_ERROR;
				CLANG_WARN_DOCUMENTATION_COMMENTS = YES;
				CLANG_WARN_EMPTY_BODY = YES;
				CLANG_WARN_ENUM_CONVERSION = YES;
				CLANG_WARN_INFINITE_RECURSION = YES;
				CLANG_WARN_INT_CONVERSION = YES;
				CLANG_WARN_NON_LITERAL_NULL_CONVERSION = YES;
				CLANG_WARN_OBJC_IMPLICIT_RETAIN_SELF = YES;
				CLANG_WARN_OBJC_LITERAL_CONVERSION = YES;
				CLANG_WARN_OBJC_ROOT_CLASS = YES_ERROR;
				CLANG_WARN_QUOTED_INCLUDE_IN_FRAMEWORK_HEADER = YES;
				CLANG_WARN_RANGE_LOOP_ANALYSIS = YES;
				CLANG_WARN_STRICT_PROTOTYPES = YES;
				CLANG_WARN_SUSPICIOUS_MOVE = YES;
				CLANG_WARN_UNGUARDED_AVAILABILITY = YES_AGGRESSIVE;
				CLANG_WARN_UNREACHABLE_CODE = YES;
				CLANG_WARN__DUPLICATE_METHOD_MATCH = YES;
				COPY_PHASE_STRIP = NO;
				DEBUG_INFORMATION_FORMAT = dwarf;
				ENABLE_STRICT_OBJC_MSGSEND = YES;
				ENABLE_TESTABILITY = YES;
				ENABLE_USER_SCRIPT_SANDBOXING = YES;
				GCC_C_LANGUAGE_STANDARD = gnu17;
				GCC_DYNAMIC_NO_PIC = NO;
				GCC_NO_COMMON_BLOCKS = YES;
				GCC_OPTIMIZATION_LEVEL = 0;
				GCC_PREPROCESSOR_DEFINITIONS = (
					"DEBUG=1",
					"$(inherited)",
				);
				GCC_WARN_64_TO_32_BIT_CONVERSION = YES;
				GCC_WARN_ABOUT_RETURN_TYPE = YES_ERROR;
				GCC_WARN_UNDECLARED_SELECTOR = YES;
				GCC_WARN_UNINITIALIZED_AUTOS = YES_AGGRESSIVE;
				GCC_WARN_UNUSED_FUNCTION = YES;
				GCC_WARN_UNUSED_VARIABLE = YES;
				IPHONEOS_DEPLOYMENT_TARGET = 17.2;
				LOCALIZATION_PREFERS_STRING_CATALOGS = YES;
				MTL_ENABLE_DEBUG_INFO = INCLUDE_SOURCE;
				MTL_FAST_MATH = YES;
				ONLY_ACTIVE_ARCH = YES;
				SDKROOT = iphoneos;
				SWIFT_ACTIVE_COMPILATION_CONDITIONS = "DEBUG $(inherited)";
				SWIFT_OPTIMIZATION_LEVEL = "-Onone";
			};
			name = Debug;
		};
		AE0C4ECA2B2054CE004DDC91 /* Release */ = {
			isa = XCBuildConfiguration;
			buildSettings = {
				ALWAYS_SEARCH_USER_PATHS = NO;
				ASSETCATALOG_COMPILER_GENERATE_SWIFT_ASSET_SYMBOL_EXTENSIONS = YES;
				CLANG_ANALYZER_NONNULL = YES;
				CLANG_ANALYZER_NUMBER_OBJECT_CONVERSION = YES_AGGRESSIVE;
				CLANG_CXX_LANGUAGE_STANDARD = "gnu++20";
				CLANG_ENABLE_MODULES = YES;
				CLANG_ENABLE_OBJC_ARC = YES;
				CLANG_ENABLE_OBJC_WEAK = YES;
				CLANG_WARN_BLOCK_CAPTURE_AUTORELEASING = YES;
				CLANG_WARN_BOOL_CONVERSION = YES;
				CLANG_WARN_COMMA = YES;
				CLANG_WARN_CONSTANT_CONVERSION = YES;
				CLANG_WARN_DEPRECATED_OBJC_IMPLEMENTATIONS = YES;
				CLANG_WARN_DIRECT_OBJC_ISA_USAGE = YES_ERROR;
				CLANG_WARN_DOCUMENTATION_COMMENTS = YES;
				CLANG_WARN_EMPTY_BODY = YES;
				CLANG_WARN_ENUM_CONVERSION = YES;
				CLANG_WARN_INFINITE_RECURSION = YES;
				CLANG_WARN_INT_CONVERSION = YES;
				CLANG_WARN_NON_LITERAL_NULL_CONVERSION = YES;
				CLANG_WARN_OBJC_IMPLICIT_RETAIN_SELF = YES;
				CLANG_WARN_OBJC_LITERAL_CONVERSION = YES;
				CLANG_WARN_OBJC_ROOT_CLASS = YES_ERROR;
				CLANG_WARN_QUOTED_INCLUDE_IN_FRAMEWORK_HEADER = YES;
				CLANG_WARN_RANGE_LOOP_ANALYSIS = YES;
				CLANG_WARN_STRICT_PROTOTYPES = YES;
				CLANG_WARN_SUSPICIOUS_MOVE = YES;
				CLANG_WARN_UNGUARDED_AVAILABILITY = YES_AGGRESSIVE;
				CLANG_WARN_UNREACHABLE_CODE = YES;
				CLANG_WARN__DUPLICATE_METHOD_MATCH = YES;
				COPY_PHASE_STRIP = NO;
				DEBUG_INFORMATION_FORMAT = "dwarf-with-dsym";
				ENABLE_NS_ASSERTIONS = NO;
				ENABLE_STRICT_OBJC_MSGSEND = YES;
				ENABLE_USER_SCRIPT_SANDBOXING = YES;
				GCC_C_LANGUAGE_STANDARD = gnu17;
				GCC_NO_COMMON_BLOCKS = YES;
				GCC_WARN_64_TO_32_BIT_CONVERSION = YES;
				GCC_WARN_ABOUT_RETURN_TYPE = YES_ERROR;
				GCC_WARN_UNDECLARED_SELECTOR = YES;
				GCC_WARN_UNINITIALIZED_AUTOS = YES_AGGRESSIVE;
				GCC_WARN_UNUSED_FUNCTION = YES;
				GCC_WARN_UNUSED_VARIABLE = YES;
				IPHONEOS_DEPLOYMENT_TARGET = 17.2;
				LOCALIZATION_PREFERS_STRING_CATALOGS = YES;
				MTL_ENABLE_DEBUG_INFO = NO;
				MTL_FAST_MATH = YES;
				SDKROOT = iphoneos;
				SWIFT_COMPILATION_MODE = wholemodule;
				VALIDATE_PRODUCT = YES;
			};
			name = Release;
		};
		AE0C4ECC2B2054CE004DDC91 /* Debug */ = {
			isa = XCBuildConfiguration;
			baseConfigurationReference = 2CC82635C1707690CEC1D5F0 /* Pods-BadmintonPEP.debug.xcconfig */;
			buildSettings = {
				ASSETCATALOG_COMPILER_APPICON_NAME = AppIcon;
				ASSETCATALOG_COMPILER_GLOBAL_ACCENT_COLOR_NAME = AccentColor;
				CODE_SIGN_STYLE = Automatic;
				CURRENT_PROJECT_VERSION = 1;
				DEVELOPMENT_TEAM = 27977R6VY3;
				GENERATE_INFOPLIST_FILE = YES;
				INFOPLIST_FILE = BadmintonPEP/Info.plist;
				INFOPLIST_KEY_UIApplicationSupportsIndirectInputEvents = YES;
				INFOPLIST_KEY_UILaunchStoryboardName = LaunchScreen;
				INFOPLIST_KEY_UIMainStoryboardFile = Main;
				INFOPLIST_KEY_UISupportedInterfaceOrientations = "UIInterfaceOrientationLandscapeLeft UIInterfaceOrientationLandscapeRight";
				INFOPLIST_KEY_UISupportedInterfaceOrientations_iPad = "UIInterfaceOrientationLandscapeLeft UIInterfaceOrientationLandscapeRight UIInterfaceOrientationPortraitUpsideDown";
				IPHONEOS_DEPLOYMENT_TARGET = 13.0;
				LD_RUNPATH_SEARCH_PATHS = (
					"$(inherited)",
					"@executable_path/Frameworks",
				);
				MARKETING_VERSION = 1.0;
				PRODUCT_BUNDLE_IDENTIFIER = com.pep.BadmintonPEP.BadmintonPEP;
				PRODUCT_NAME = "$(TARGET_NAME)";
				SWIFT_EMIT_LOC_STRINGS = YES;
				SWIFT_VERSION = 5.0;
				TARGETED_DEVICE_FAMILY = "1,2";
			};
			name = Debug;
		};
		AE0C4ECD2B2054CE004DDC91 /* Release */ = {
			isa = XCBuildConfiguration;
			baseConfigurationReference = 88E048823E1054522B4758A4 /* Pods-BadmintonPEP.release.xcconfig */;
			buildSettings = {
				ASSETCATALOG_COMPILER_APPICON_NAME = AppIcon;
				ASSETCATALOG_COMPILER_GLOBAL_ACCENT_COLOR_NAME = AccentColor;
				CODE_SIGN_STYLE = Automatic;
				CURRENT_PROJECT_VERSION = 1;
				DEVELOPMENT_TEAM = 27977R6VY3;
				GENERATE_INFOPLIST_FILE = YES;
				INFOPLIST_FILE = BadmintonPEP/Info.plist;
				INFOPLIST_KEY_UIApplicationSupportsIndirectInputEvents = YES;
				INFOPLIST_KEY_UILaunchStoryboardName = LaunchScreen;
				INFOPLIST_KEY_UIMainStoryboardFile = Main;
				INFOPLIST_KEY_UISupportedInterfaceOrientations = "UIInterfaceOrientationLandscapeLeft UIInterfaceOrientationLandscapeRight";
				INFOPLIST_KEY_UISupportedInterfaceOrientations_iPad = "UIInterfaceOrientationLandscapeLeft UIInterfaceOrientationLandscapeRight UIInterfaceOrientationPortraitUpsideDown";
				IPHONEOS_DEPLOYMENT_TARGET = 13.0;
				LD_RUNPATH_SEARCH_PATHS = (
					"$(inherited)",
					"@executable_path/Frameworks",
				);
				MARKETING_VERSION = 1.0;
				PRODUCT_BUNDLE_IDENTIFIER = com.pep.BadmintonPEP.BadmintonPEP;
				PRODUCT_NAME = "$(TARGET_NAME)";
				SWIFT_EMIT_LOC_STRINGS = YES;
				SWIFT_VERSION = 5.0;
				TARGETED_DEVICE_FAMILY = "1,2";
			};
			name = Release;
		};
/* End XCBuildConfiguration section */

/* Begin XCConfigurationList section */
		AE0C4EB22B2054CC004DDC91 /* Build configuration list for PBXProject "BadmintonPEP" */ = {
			isa = XCConfigurationList;
			buildConfigurations = (
				AE0C4EC92B2054CE004DDC91 /* Debug */,
				AE0C4ECA2B2054CE004DDC91 /* Release */,
			);
			defaultConfigurationIsVisible = 0;
			defaultConfigurationName = Release;
		};
		AE0C4ECB2B2054CE004DDC91 /* Build configuration list for PBXNativeTarget "BadmintonPEP" */ = {
			isa = XCConfigurationList;
			buildConfigurations = (
				AE0C4ECC2B2054CE004DDC91 /* Debug */,
				AE0C4ECD2B2054CE004DDC91 /* Release */,
			);
			defaultConfigurationIsVisible = 0;
			defaultConfigurationName = Release;
		};
/* End XCConfigurationList section */
	};
	rootObject = AE0C4EAF2B2054CC004DDC91 /* Project object */;
}
